{
  "object": {
    "pins": [
      {
        "package": "ShimmerSwift",
        "repositoryURL": "https://github.com/BeauNouvelle/ShimmerSwift",
        "state": {
          "branch": null,
          "revision": "f1a4366f74329c313e9528bcbe5286eacc750c05",
          "version": "2.2.0"
        }
      },
      {
        "package": "SnapKit",
        "repositoryURL": "https://github.com/SnapKit/SnapKit",
        "state": {
          "branch": null,
          "revision": "d458564516e5676af9c70b4f4b2a9178294f1bc6",
          "version": "5.0.1"
        }
      }
    ]
  },
  "version": 1
}
